<?xml version="1.0" encoding="utf-8"?>
<Project ToolsVersion="4.0" xmlns="http://schemas.microsoft.com/developer/msbuild/2003">
  <ItemGroup>
    <Filter Include="Common">
      <UniqueIdentifier>3e0b168e-778c-432c-b5fd-7b1922bc7d81</UniqueIdentifier>
    </Filter>
    <Filter Include="Assets">
      <UniqueIdentifier>4c34a843-1fad-4a5d-9cbb-75d6049c9d99</UniqueIdentifier>
    </Filter>
    <Page Include="Common\StandardStyles.xaml">
      <Filter>Common</Filter>
    </Page>
    <Image Include="Assets\Logo.png">
      <Filter>Assets</Filter>
    </Image>
    <Image Include="Assets\SmallLogo.png">
      <Filter>Assets</Filter>
    </Image>
    <Image Include="Assets\StoreLogo.png">
      <Filter>Assets</Filter>
    </Image>
    <Image Include="Assets\SplashScreen.png">
      <Filter>Assets</Filter>
    </Image>
    <Filter Include="Engine">
      <UniqueIdentifier>{293eb4c3-975f-40cc-8249-e476f7919bef}</UniqueIdentifier>
    </Filter>
  </ItemGroup>
  <ItemGroup>
    <ApplicationDefinition Include="App.xaml" />
  </ItemGroup>
  <ItemGroup>
    <ClCompile Include="SimpleTextRenderer.cpp" />
    <ClCompile Include="DirectXBase.cpp" />
    <ClCompile Include="App.xaml.cpp" />
    <ClCompile Include="DirectXPage.xaml.cpp" />
    <ClCompile Include="pch.cpp" />
    <ClCompile Include="DirectXRenderer.cpp" />
    <ClCompile Include="GameView.cpp">
      <Filter>Engine</Filter>
    </ClCompile>
    <ClCompile Include="MenuView.cpp">
      <Filter>Engine</Filter>
    </ClCompile>
    <ClCompile Include="ViewController.cpp">
      <Filter>Engine</Filter>
    </ClCompile>
    <ClCompile Include="GameObject.cpp">
      <Filter>Engine</Filter>
    </ClCompile>
    <ClCompile Include="AnimationStoryBoard.cpp">
      <Filter>Engine</Filter>
    </ClCompile>
    <ClCompile Include="AnimationSequence.cpp">
      <Filter>Engine</Filter>
    </ClCompile>
    <ClCompile Include="Animation.cpp">
      <Filter>Engine</Filter>
    </ClCompile>
    <ClCompile Include="AnimationUtil.cpp">
      <Filter>Engine</Filter>
    </ClCompile>
    <ClCompile Include="MoveAnimation.cpp">
      <Filter>Engine</Filter>
    </ClCompile>
  </ItemGroup>
  <ItemGroup>
    <ClInclude Include="pch.h" />
    <ClInclude Include="App.xaml.h" />
    <ClInclude Include="DirectXPage.xaml.h" />
    <ClInclude Include="SimpleTextRenderer.h" />
    <ClInclude Include="BasicTimer.h" />
    <ClInclude Include="DirectXHelper.h" />
    <ClInclude Include="DirectXBase.h" />
    <ClInclude Include="DirectXRenderer.h" />
    <ClInclude Include="GameView.h">
      <Filter>Engine</Filter>
    </ClInclude>
    <ClInclude Include="MenuView.h">
      <Filter>Engine</Filter>
    </ClInclude>
    <ClInclude Include="ViewController.h">
      <Filter>Engine</Filter>
    </ClInclude>
    <ClInclude Include="GameConstants.h">
      <Filter>Engine</Filter>
    </ClInclude>
    <ClInclude Include="GameObject.h">
      <Filter>Engine</Filter>
    </ClInclude>
    <ClInclude Include="AnimationStoryBoard.h">
      <Filter>Engine</Filter>
    </ClInclude>
    <ClInclude Include="AnimationConstants.h">
      <Filter>Engine</Filter>
    </ClInclude>
    <ClInclude Include="IUpdatable.h">
      <Filter>Engine</Filter>
    </ClInclude>
    <ClInclude Include="AnimationSequence.h">
      <Filter>Engine</Filter>
    </ClInclude>
    <ClInclude Include="Animation.h">
      <Filter>Engine</Filter>
    </ClInclude>
    <ClInclude Include="AnimationUtil.h">
      <Filter>Engine</Filter>
    </ClInclude>
    <ClInclude Include="MoveAnimation.h">
      <Filter>Engine</Filter>
    </ClInclude>
  </ItemGroup>
  <ItemGroup>
    <AppxManifest Include="Package.appxmanifest" />
  </ItemGroup>
  <ItemGroup>
    <None Include="Racer2D_TemporaryKey.pfx" />
  </ItemGroup>
  <ItemGroup>
    <Page Include="DirectXPage.xaml" />
  </ItemGroup>
  <ItemGroup>
    <Image Include="..\..\..\..\Desktop\sparkle.jpg" />
    <Image Include="..\..\..\..\Desktop\mammoth.jpg" />
    <Image Include="..\..\..\..\Desktop\sparkle.png" />
  </ItemGroup>
</Project>